// !$*UTF8*$!
{
	archiveVersion = 1;
	classes = {
	};
	objectVersion = 56;
	objects = {

/* Begin PBXBuildFile section */
		5515DC742DEF8E8C00E3FD13 /* TutorialView.swift in Sources */ = {isa = PBXBuildFile; fileRef = 5515DC732DEF8E8C00E3FD13 /* TutorialView.swift */; };
		559A39202DE8E8EE00D78387 /* TessauroApp.swift in Sources */ = {isa = PBXBuildFile; fileRef = 559A391F2DE8E8EE00D78387 /* TessauroApp.swift */; };
		559A39222DE8E8EE00D78387 /* ContentView.swift in Sources */ = {isa = PBXBuildFile; fileRef = 559A39212DE8E8EE00D78387 /* ContentView.swift */; };
		559A39242DE8E8F100D78387 /* Assets.xcassets in Resources */ = {isa = PBXBuildFile; fileRef = 559A39232DE8E8F100D78387 /* Assets.xcassets */; };
		559A39272DE8E8F100D78387 /* Preview Assets.xcassets in Resources */ = {isa = PBXBuildFile; fileRef = 559A39262DE8E8F100D78387 /* Preview Assets.xcassets */; };
		559A39302DE8EF9400D78387 /* LoadingView.swift in Sources */ = {isa = PBXBuildFile; fileRef = 559A392F2DE8EF9400D78387 /* LoadingView.swift */; };
		559A39322DEA42DA00D78387 /* HomeView.swift in Sources */ = {isa = PBXBuildFile; fileRef = 559A39312DEA42DA00D78387 /* HomeView.swift */; };
		55A1A7AC2DEE3EA000814BED /* dinodexView.swift in Sources */ = {isa = PBXBuildFile; fileRef = 55A1A7AB2DEE3EA000814BED /* dinodexView.swift */; };
		55E4E6E82DEF580A0039C008 /* Indicators.swift in Sources */ = {isa = PBXBuildFile; fileRef = 55E4E6E72DEF580A0039C008 /* Indicators.swift */; };
		842D96742DF0C1CC0018E40F /* decisionTree.swift in Sources */ = {isa = PBXBuildFile; fileRef = 842D96732DF0C1C80018E40F /* decisionTree.swift */; };
		8490F2092DF2277A006A753E /* CardViewAlternative.swift in Sources */ = {isa = PBXBuildFile; fileRef = 8490F2082DF2277A006A753E /* CardViewAlternative.swift */; };
		84A0CF412DF217E1009FC4CC /* CardView.swift in Sources */ = {isa = PBXBuildFile; fileRef = 84A0CF402DF217D1009FC4CC /* CardView.swift */; };
/* End PBXBuildFile section */

/* Begin PBXFileReference section */
		5515DC732DEF8E8C00E3FD13 /* TutorialView.swift */ = {isa = PBXFileReference; lastKnownFileType = sourcecode.swift; path = TutorialView.swift; sourceTree = "<group>"; };
		559A391C2DE8E8EE00D78387 /* Tessauro.app */ = {isa = PBXFileReference; explicitFileType = wrapper.application; includeInIndex = 0; path = Tessauro.app; sourceTree = BUILT_PRODUCTS_DIR; };
		559A391F2DE8E8EE00D78387 /* TessauroApp.swift */ = {isa = PBXFileReference; lastKnownFileType = sourcecode.swift; path = TessauroApp.swift; sourceTree = "<group>"; };
		559A39212DE8E8EE00D78387 /* ContentView.swift */ = {isa = PBXFileReference; lastKnownFileType = sourcecode.swift; path = ContentView.swift; sourceTree = "<group>"; };
		559A39232DE8E8F100D78387 /* Assets.xcassets */ = {isa = PBXFileReference; lastKnownFileType = folder.assetcatalog; path = Assets.xcassets; sourceTree = "<group>"; };
		559A39262DE8E8F100D78387 /* Preview Assets.xcassets */ = {isa = PBXFileReference; lastKnownFileType = folder.assetcatalog; path = "Preview Assets.xcassets"; sourceTree = "<group>"; };
		559A392F2DE8EF9400D78387 /* LoadingView.swift */ = {isa = PBXFileReference; lastKnownFileType = sourcecode.swift; path = LoadingView.swift; sourceTree = "<group>"; };
		559A39312DEA42DA00D78387 /* HomeView.swift */ = {isa = PBXFileReference; lastKnownFileType = sourcecode.swift; path = HomeView.swift; sourceTree = "<group>"; };
		55A1A7AB2DEE3EA000814BED /* dinodexView.swift */ = {isa = PBXFileReference; lastKnownFileType = sourcecode.swift; path = dinodexView.swift; sourceTree = "<group>"; };
		55E4E6E72DEF580A0039C008 /* Indicators.swift */ = {isa = PBXFileReference; lastKnownFileType = sourcecode.swift; path = Indicators.swift; sourceTree = "<group>"; };
		842D96732DF0C1C80018E40F /* decisionTree.swift */ = {isa = PBXFileReference; lastKnownFileType = sourcecode.swift; path = decisionTree.swift; sourceTree = "<group>"; };
		8490F2082DF2277A006A753E /* CardViewAlternative.swift */ = {isa = PBXFileReference; lastKnownFileType = sourcecode.swift; path = CardViewAlternative.swift; sourceTree = "<group>"; };
		84A0CF402DF217D1009FC4CC /* CardView.swift */ = {isa = PBXFileReference; lastKnownFileType = sourcecode.swift; path = CardView.swift; sourceTree = "<group>"; };
/* End PBXFileReference section */

/* Begin PBXFrameworksBuildPhase section */
		559A39192DE8E8EE00D78387 /* Frameworks */ = {
			isa = PBXFrameworksBuildPhase;
			buildActionMask = 2147483647;
			files = (
			);
			runOnlyForDeploymentPostprocessing = 0;
		};
/* End PBXFrameworksBuildPhase section */

/* Begin PBXGroup section */
		559A39132DE8E8EE00D78387 = {
			isa = PBXGroup;
			children = (
				559A391E2DE8E8EE00D78387 /* Tessauro */,
				559A391D2DE8E8EE00D78387 /* Products */,
			);
			sourceTree = "<group>";
		};
		559A391D2DE8E8EE00D78387 /* Products */ = {
			isa = PBXGroup;
			children = (
				559A391C2DE8E8EE00D78387 /* Tessauro.app */,
			);
			name = Products;
			sourceTree = "<group>";
		};
		559A391E2DE8E8EE00D78387 /* Tessauro */ = {
			isa = PBXGroup;
			children = (
				55E4E6E62DEF57E60039C008 /* Components */,
				559A391F2DE8E8EE00D78387 /* TessauroApp.swift */,
				559A392F2DE8EF9400D78387 /* LoadingView.swift */,
				559A39212DE8E8EE00D78387 /* ContentView.swift */,
				559A39312DEA42DA00D78387 /* HomeView.swift */,
				55A1A7AB2DEE3EA000814BED /* dinodexView.swift */,
				5515DC732DEF8E8C00E3FD13 /* TutorialView.swift */,
				559A39232DE8E8F100D78387 /* Assets.xcassets */,
				559A39252DE8E8F100D78387 /* Preview Content */,
			);
			path = Tessauro;
			sourceTree = "<group>";
		};
		559A39252DE8E8F100D78387 /* Preview Content */ = {
			isa = PBXGroup;
			children = (
				559A39262DE8E8F100D78387 /* Preview Assets.xcassets */,
			);
			path = "Preview Content";
			sourceTree = "<group>";
		};
		55E4E6E62DEF57E60039C008 /* Components */ = {
			isa = PBXGroup;
			children = (
				8490F2082DF2277A006A753E /* CardViewAlternative.swift */,
				84A0CF402DF217D1009FC4CC /* CardView.swift */,
				842D96732DF0C1C80018E40F /* decisionTree.swift */,
				55E4E6E72DEF580A0039C008 /* Indicators.swift */,
			);
			path = Components;
			sourceTree = "<group>";
		};
/* End PBXGroup section */

/* Begin PBXNativeTarget section */
		559A391B2DE8E8EE00D78387 /* Tessauro */ = {
			isa = PBXNativeTarget;
			buildConfigurationList = 559A392A2DE8E8F100D78387 /* Build configuration list for PBXNativeTarget "Tessauro" */;
			buildPhases = (
				559A39182DE8E8EE00D78387 /* Sources */,
				559A39192DE8E8EE00D78387 /* Frameworks */,
				559A391A2DE8E8EE00D78387 /* Resources */,
			);
			buildRules = (
			);
			dependencies = (
			);
			name = Tessauro;
			productName = Tessauro;
			productReference = 559A391C2DE8E8EE00D78387 /* Tessauro.app */;
			productType = "com.apple.product-type.application";
		};
/* End PBXNativeTarget section */

/* Begin PBXProject section */
		559A39142DE8E8EE00D78387 /* Project object */ = {
			isa = PBXProject;
			attributes = {
				BuildIndependentTargetsInParallel = 1;
				LastSwiftUpdateCheck = 1520;
				LastUpgradeCheck = 1520;
				TargetAttributes = {
					559A391B2DE8E8EE00D78387 = {
						CreatedOnToolsVersion = 15.2;
					};
				};
			};
			buildConfigurationList = 559A39172DE8E8EE00D78387 /* Build configuration list for PBXProject "Tessauro" */;
			compatibilityVersion = "Xcode 14.0";
			developmentRegion = en;
			hasScannedForEncodings = 0;
			knownRegions = (
				en,
				Base,
			);
			mainGroup = 559A39132DE8E8EE00D78387;
			productRefGroup = 559A391D2DE8E8EE00D78387 /* Products */;
			projectDirPath = "";
			projectRoot = "";
			targets = (
				559A391B2DE8E8EE00D78387 /* Tessauro */,
			);
		};
/* End PBXProject section */

/* Begin PBXResourcesBuildPhase section */
		559A391A2DE8E8EE00D78387 /* Resources */ = {
			isa = PBXResourcesBuildPhase;
			buildActionMask = 2147483647;
			files = (
				559A39272DE8E8F100D78387 /* Preview Assets.xcassets in Resources */,
				559A39242DE8E8F100D78387 /* Assets.xcassets in Resources */,
			);
			runOnlyForDeploymentPostprocessing = 0;
		};
/* End PBXResourcesBuildPhase section */

/* Begin PBXSourcesBuildPhase section */
		559A39182DE8E8EE00D78387 /* Sources */ = {
			isa = PBXSourcesBuildPhase;
			buildActionMask = 2147483647;
			files = (
				559A39222DE8E8EE00D78387 /* ContentView.swift in Sources */,
				55E4E6E82DEF580A0039C008 /* Indicators.swift in Sources */,
				559A39322DEA42DA00D78387 /* HomeView.swift in Sources */,
				842D96742DF0C1CC0018E40F /* decisionTree.swift in Sources */,
				559A39202DE8E8EE00D78387 /* TessauroApp.swift in Sources */,
				5515DC742DEF8E8C00E3FD13 /* TutorialView.swift in Sources */,
				559A39302DE8EF9400D78387 /* LoadingView.swift in Sources */,
				8490F2092DF2277A006A753E /* CardViewAlternative.swift in Sources */,
				55A1A7AC2DEE3EA000814BED /* dinodexView.swift in Sources */,
				84A0CF412DF217E1009FC4CC /* CardView.swift in Sources */,
			);
			runOnlyForDeploymentPostprocessing = 0;
		};
/* End PBXSourcesBuildPhase section */

/* Begin XCBuildConfiguration section */
		559A39282DE8E8F100D78387 /* Debug */ = {
			isa = XCBuildConfiguration;
			buildSettings = {
				ALWAYS_SEARCH_USER_PATHS = NO;
				ASSETCATALOG_COMPILER_GENERATE_SWIFT_ASSET_SYMBOL_EXTENSIONS = YES;
				CLANG_ANALYZER_NONNULL = YES;
				CLANG_ANALYZER_NUMBER_OBJECT_CONVERSION = YES_AGGRESSIVE;
				CLANG_CXX_LANGUAGE_STANDARD = "gnu++20";
				CLANG_ENABLE_MODULES = YES;
				CLANG_ENABLE_OBJC_ARC = YES;
				CLANG_ENABLE_OBJC_WEAK = YES;
				CLANG_WARN_BLOCK_CAPTURE_AUTORELEASING = YES;
				CLANG_WARN_BOOL_CONVERSION = YES;
				CLANG_WARN_COMMA = YES;
				CLANG_WARN_CONSTANT_CONVERSION = YES;
				CLANG_WARN_DEPRECATED_OBJC_IMPLEMENTATIONS = YES;
				CLANG_WARN_DIRECT_OBJC_ISA_USAGE = YES_ERROR;
				CLANG_WARN_DOCUMENTATION_COMMENTS = YES;
				CLANG_WARN_EMPTY_BODY = YES;
				CLANG_WARN_ENUM_CONVERSION = YES;
				CLANG_WARN_INFINITE_RECURSION = YES;
				CLANG_WARN_INT_CONVERSION = YES;
				CLANG_WARN_NON_LITERAL_NULL_CONVERSION = YES;
				CLANG_WARN_OBJC_IMPLICIT_RETAIN_SELF = YES;
				CLANG_WARN_OBJC_LITERAL_CONVERSION = YES;
				CLANG_WARN_OBJC_ROOT_CLASS = YES_ERROR;
				CLANG_WARN_QUOTED_INCLUDE_IN_FRAMEWORK_HEADER = YES;
				CLANG_WARN_RANGE_LOOP_ANALYSIS = YES;
				CLANG_WARN_STRICT_PROTOTYPES = YES;
				CLANG_WARN_SUSPICIOUS_MOVE = YES;
				CLANG_WARN_UNGUARDED_AVAILABILITY = YES_AGGRESSIVE;
				CLANG_WARN_UNREACHABLE_CODE = YES;
				CLANG_WARN__DUPLICATE_METHOD_MATCH = YES;
				COPY_PHASE_STRIP = NO;
				DEBUG_INFORMATION_FORMAT = dwarf;
				ENABLE_STRICT_OBJC_MSGSEND = YES;
				ENABLE_TESTABILITY = YES;
				ENABLE_USER_SCRIPT_SANDBOXING = YES;
				GCC_C_LANGUAGE_STANDARD = gnu17;
				GCC_DYNAMIC_NO_PIC = NO;
				GCC_NO_COMMON_BLOCKS = YES;
				GCC_OPTIMIZATION_LEVEL = 0;
				GCC_PREPROCESSOR_DEFINITIONS = (
					"DEBUG=1",
					"$(inherited)",
				);
				GCC_WARN_64_TO_32_BIT_CONVERSION = YES;
				GCC_WARN_ABOUT_RETURN_TYPE = YES_ERROR;
				GCC_WARN_UNDECLARED_SELECTOR = YES;
				GCC_WARN_UNINITIALIZED_AUTOS = YES_AGGRESSIVE;
				GCC_WARN_UNUSED_FUNCTION = YES;
				GCC_WARN_UNUSED_VARIABLE = YES;
				IPHONEOS_DEPLOYMENT_TARGET = 17.2;
				LOCALIZATION_PREFERS_STRING_CATALOGS = YES;
				MTL_ENABLE_DEBUG_INFO = INCLUDE_SOURCE;
				MTL_FAST_MATH = YES;
				ONLY_ACTIVE_ARCH = YES;
				SDKROOT = iphoneos;
				SWIFT_ACTIVE_COMPILATION_CONDITIONS = "DEBUG $(inherited)";
				SWIFT_OPTIMIZATION_LEVEL = "-Onone";
			};
			name = Debug;
		};
		559A39292DE8E8F100D78387 /* Release */ = {
			isa = XCBuildConfiguration;
			buildSettings = {
				ALWAYS_SEARCH_USER_PATHS = NO;
				ASSETCATALOG_COMPILER_GENERATE_SWIFT_ASSET_SYMBOL_EXTENSIONS = YES;
				CLANG_ANALYZER_NONNULL = YES;
				CLANG_ANALYZER_NUMBER_OBJECT_CONVERSION = YES_AGGRESSIVE;
				CLANG_CXX_LANGUAGE_STANDARD = "gnu++20";
				CLANG_ENABLE_MODULES = YES;
				CLANG_ENABLE_OBJC_ARC = YES;
				CLANG_ENABLE_OBJC_WEAK = YES;
				CLANG_WARN_BLOCK_CAPTURE_AUTORELEASING = YES;
				CLANG_WARN_BOOL_CONVERSION = YES;
				CLANG_WARN_COMMA = YES;
				CLANG_WARN_CONSTANT_CONVERSION = YES;
				CLANG_WARN_DEPRECATED_OBJC_IMPLEMENTATIONS = YES;
				CLANG_WARN_DIRECT_OBJC_ISA_USAGE = YES_ERROR;
				CLANG_WARN_DOCUMENTATION_COMMENTS = YES;
				CLANG_WARN_EMPTY_BODY = YES;
				CLANG_WARN_ENUM_CONVERSION = YES;
				CLANG_WARN_INFINITE_RECURSION = YES;
				CLANG_WARN_INT_CONVERSION = YES;
				CLANG_WARN_NON_LITERAL_NULL_CONVERSION = YES;
				CLANG_WARN_OBJC_IMPLICIT_RETAIN_SELF = YES;
				CLANG_WARN_OBJC_LITERAL_CONVERSION = YES;
				CLANG_WARN_OBJC_ROOT_CLASS = YES_ERROR;
				CLANG_WARN_QUOTED_INCLUDE_IN_FRAMEWORK_HEADER = YES;
				CLANG_WARN_RANGE_LOOP_ANALYSIS = YES;
				CLANG_WARN_STRICT_PROTOTYPES = YES;
				CLANG_WARN_SUSPICIOUS_MOVE = YES;
				CLANG_WARN_UNGUARDED_AVAILABILITY = YES_AGGRESSIVE;
				CLANG_WARN_UNREACHABLE_CODE = YES;
				CLANG_WARN__DUPLICATE_METHOD_MATCH = YES;
				COPY_PHASE_STRIP = NO;
				DEBUG_INFORMATION_FORMAT = "dwarf-with-dsym";
				ENABLE_NS_ASSERTIONS = NO;
				ENABLE_STRICT_OBJC_MSGSEND = YES;
				ENABLE_USER_SCRIPT_SANDBOXING = YES;
				GCC_C_LANGUAGE_STANDARD = gnu17;
				GCC_NO_COMMON_BLOCKS = YES;
				GCC_WARN_64_TO_32_BIT_CONVERSION = YES;
				GCC_WARN_ABOUT_RETURN_TYPE = YES_ERROR;
				GCC_WARN_UNDECLARED_SELECTOR = YES;
				GCC_WARN_UNINITIALIZED_AUTOS = YES_AGGRESSIVE;
				GCC_WARN_UNUSED_FUNCTION = YES;
				GCC_WARN_UNUSED_VARIABLE = YES;
				IPHONEOS_DEPLOYMENT_TARGET = 17.2;
				LOCALIZATION_PREFERS_STRING_CATALOGS = YES;
				MTL_ENABLE_DEBUG_INFO = NO;
				MTL_FAST_MATH = YES;
				SDKROOT = iphoneos;
				SWIFT_COMPILATION_MODE = wholemodule;
				VALIDATE_PRODUCT = YES;
			};
			name = Release;
		};
		559A392B2DE8E8F100D78387 /* Debug */ = {
			isa = XCBuildConfiguration;
			buildSettings = {
				ASSETCATALOG_COMPILER_APPICON_NAME = AppIcon;
				ASSETCATALOG_COMPILER_GLOBAL_ACCENT_COLOR_NAME = AccentColor;
				CODE_SIGN_STYLE = Automatic;
				CURRENT_PROJECT_VERSION = 1;
				DEVELOPMENT_ASSET_PATHS = "\"Tessauro/Preview Content\"";
				ENABLE_PREVIEWS = YES;
				GENERATE_INFOPLIST_FILE = YES;
				INFOPLIST_KEY_UIApplicationSceneManifest_Generation = YES;
				INFOPLIST_KEY_UIApplicationSupportsIndirectInputEvents = YES;
				INFOPLIST_KEY_UILaunchScreen_Generation = YES;
				INFOPLIST_KEY_UISupportedInterfaceOrientations_iPad = "UIInterfaceOrientationPortrait UIInterfaceOrientationPortraitUpsideDown UIInterfaceOrientationLandscapeLeft UIInterfaceOrientationLandscapeRight";
				INFOPLIST_KEY_UISupportedInterfaceOrientations_iPhone = "UIInterfaceOrientationPortrait UIInterfaceOrientationLandscapeLeft UIInterfaceOrientationLandscapeRight";
				LD_RUNPATH_SEARCH_PATHS = (
					"$(inherited)",
					"@executable_path/Frameworks",
				);
				MARKETING_VERSION = 1.0;
				PRODUCT_BUNDLE_IDENTIFIER = grupo5.Tessauro;
				PRODUCT_NAME = "$(TARGET_NAME)";
				SWIFT_EMIT_LOC_STRINGS = YES;
				SWIFT_VERSION = 5.0;
				TARGETED_DEVICE_FAMILY = "1,2";
			};
			name = Debug;
		};
		559A392C2DE8E8F100D78387 /* Release */ = {
			isa = XCBuildConfiguration;
			buildSettings = {
				ASSETCATALOG_COMPILER_APPICON_NAME = AppIcon;
				ASSETCATALOG_COMPILER_GLOBAL_ACCENT_COLOR_NAME = AccentColor;
				CODE_SIGN_STYLE = Automatic;
				CURRENT_PROJECT_VERSION = 1;
				DEVELOPMENT_ASSET_PATHS = "\"Tessauro/Preview Content\"";
				ENABLE_PREVIEWS = YES;
				GENERATE_INFOPLIST_FILE = YES;
				INFOPLIST_KEY_UIApplicationSceneManifest_Generation = YES;
				INFOPLIST_KEY_UIApplicationSupportsIndirectInputEvents = YES;
				INFOPLIST_KEY_UILaunchScreen_Generation = YES;
				INFOPLIST_KEY_UISupportedInterfaceOrientations_iPad = "UIInterfaceOrientationPortrait UIInterfaceOrientationPortraitUpsideDown UIInterfaceOrientationLandscapeLeft UIInterfaceOrientationLandscapeRight";
				INFOPLIST_KEY_UISupportedInterfaceOrientations_iPhone = "UIInterfaceOrientationPortrait UIInterfaceOrientationLandscapeLeft UIInterfaceOrientationLandscapeRight";
				LD_RUNPATH_SEARCH_PATHS = (
					"$(inherited)",
					"@executable_path/Frameworks",
				);
				MARKETING_VERSION = 1.0;
				PRODUCT_BUNDLE_IDENTIFIER = grupo5.Tessauro;
				PRODUCT_NAME = "$(TARGET_NAME)";
				SWIFT_EMIT_LOC_STRINGS = YES;
				SWIFT_VERSION = 5.0;
				TARGETED_DEVICE_FAMILY = "1,2";
			};
			name = Release;
		};
/* End XCBuildConfiguration section */

/* Begin XCConfigurationList section */
		559A39172DE8E8EE00D78387 /* Build configuration list for PBXProject "Tessauro" */ = {
			isa = XCConfigurationList;
			buildConfigurations = (
				559A39282DE8E8F100D78387 /* Debug */,
				559A39292DE8E8F100D78387 /* Release */,
			);
			defaultConfigurationIsVisible = 0;
			defaultConfigurationName = Release;
		};
		559A392A2DE8E8F100D78387 /* Build configuration list for PBXNativeTarget "Tessauro" */ = {
			isa = XCConfigurationList;
			buildConfigurations = (
				559A392B2DE8E8F100D78387 /* Debug */,
				559A392C2DE8E8F100D78387 /* Release */,
			);
			defaultConfigurationIsVisible = 0;
			defaultConfigurationName = Release;
		};
/* End XCConfigurationList section */
	};
	rootObject = 559A39142DE8E8EE00D78387 /* Project object */;
}
